
Microsoft Visual Studio Solution File, Format Version 12.00
# Visual Studio Version 17
VisualStudioVersion = 17.1.32210.238
MinimumVisualStudioVersion = 10.0.40219.1
Project("{FAE04EC0-301F-11D3-BF4B-00C04F79EFBC}") = "debug1.css", "debug1.css.csproj", "{10D8464F-8099-4E52-8C27-418880A9C70D}"
EndProject
Project("{FAE04EC0-301F-11D3-BF4B-00C04F79EFBC}") = "debug 2 .cs", "..\debug 2 .cs\debug 2 .cs.csproj", "{548FA806-311F-496E-81B6-19692612DE12}"
EndProject
Global
	GlobalSection(SolutionConfigurationPlatforms) = preSolution
		Debug|Any CPU = Debug|Any CPU
		Release|Any CPU = Release|Any CPU
	EndGlobalSection
	GlobalSection(ProjectConfigurationPlatforms) = postSolution
		{10D8464F-8099-4E52-8C27-418880A9C70D}.Debug|Any CPU.ActiveCfg = Debug|Any CPU
		{10D8464F-8099-4E52-8C27-418880A9C70D}.Debug|Any CPU.Build.0 = Debug|Any CPU
		{10D8464F-8099-4E52-8C27-418880A9C70D}.Release|Any CPU.ActiveCfg = Release|Any CPU
		{10D8464F-8099-4E52-8C27-418880A9C70D}.Release|Any CPU.Build.0 = Release|Any CPU
		{548FA806-311F-496E-81B6-19692612DE12}.Debug|Any CPU.ActiveCfg = Debug|Any CPU
		{548FA806-311F-496E-81B6-19692612DE12}.Debug|Any CPU.Build.0 = Debug|Any CPU
		{548FA806-311F-496E-81B6-19692612DE12}.Release|Any CPU.ActiveCfg = Release|Any CPU
		{548FA806-311F-496E-81B6-19692612DE12}.Release|Any CPU.Build.0 = Release|Any CPU
	EndGlobalSection
	GlobalSection(SolutionProperties) = preSolution
		HideSolutionNode = FALSE
	EndGlobalSection
	GlobalSection(ExtensibilityGlobals) = postSolution
		SolutionGuid = {DF977D6D-9BF4-4B4D-8835-028359A957B5}
	EndGlobalSection
EndGlobal
