
Microsoft Visual Studio Solution File, Format Version 12.00
# Visual Studio Version 17
VisualStudioVersion = 17.1.32210.238
MinimumVisualStudioVersion = 10.0.40219.1
Project("{FAE04EC0-301F-11D3-BF4B-00C04F79EFBC}") = "swap.cs", "swap.cs.csproj", "{F2508366-833B-4A64-A95E-BAF33EA61664}"
EndProject
Global
	GlobalSection(SolutionConfigurationPlatforms) = preSolution
		Debug|Any CPU = Debug|Any CPU
		Release|Any CPU = Release|Any CPU
	EndGlobalSection
	GlobalSection(ProjectConfigurationPlatforms) = postSolution
		{F2508366-833B-4A64-A95E-BAF33EA61664}.Debug|Any CPU.ActiveCfg = Debug|Any CPU
		{F2508366-833B-4A64-A95E-BAF33EA61664}.Debug|Any CPU.Build.0 = Debug|Any CPU
		{F2508366-833B-4A64-A95E-BAF33EA61664}.Release|Any CPU.ActiveCfg = Release|Any CPU
		{F2508366-833B-4A64-A95E-BAF33EA61664}.Release|Any CPU.Build.0 = Release|Any CPU
	EndGlobalSection
	GlobalSection(SolutionProperties) = preSolution
		HideSolutionNode = FALSE
	EndGlobalSection
	GlobalSection(ExtensibilityGlobals) = postSolution
		SolutionGuid = {01A83336-0474-4832-8236-F7D7EBD7A7A4}
	EndGlobalSection
EndGlobal
