
Microsoft Visual Studio Solution File, Format Version 12.00
# Visual Studio Version 17
VisualStudioVersion = 17.1.32210.238
MinimumVisualStudioVersion = 10.0.40219.1
Project("{FAE04EC0-301F-11D3-BF4B-00C04F79EFBC}") = "strings.cs", "strings.cs.csproj", "{0233ABF9-3110-457F-AC71-0C496E8D69D5}"
EndProject
Project("{FAE04EC0-301F-11D3-BF4B-00C04F79EFBC}") = "nullable.cs", "..\nullable.cs\nullable.cs.csproj", "{5D39E70B-DA7B-4752-8E29-6B1E57EEB8C6}"
EndProject
Project("{FAE04EC0-301F-11D3-BF4B-00C04F79EFBC}") = "partialclass and partial method.cs", "..\partialclass and partial method.cs\partialclass and partial method.cs.csproj", "{AA035BDD-4E8F-4C0D-9CB4-8FA2BCE00A14}"
EndProject
Global
	GlobalSection(SolutionConfigurationPlatforms) = preSolution
		Debug|Any CPU = Debug|Any CPU
		Release|Any CPU = Release|Any CPU
	EndGlobalSection
	GlobalSection(ProjectConfigurationPlatforms) = postSolution
		{0233ABF9-3110-457F-AC71-0C496E8D69D5}.Debug|Any CPU.ActiveCfg = Debug|Any CPU
		{0233ABF9-3110-457F-AC71-0C496E8D69D5}.Debug|Any CPU.Build.0 = Debug|Any CPU
		{0233ABF9-3110-457F-AC71-0C496E8D69D5}.Release|Any CPU.ActiveCfg = Release|Any CPU
		{0233ABF9-3110-457F-AC71-0C496E8D69D5}.Release|Any CPU.Build.0 = Release|Any CPU
		{5D39E70B-DA7B-4752-8E29-6B1E57EEB8C6}.Debug|Any CPU.ActiveCfg = Debug|Any CPU
		{5D39E70B-DA7B-4752-8E29-6B1E57EEB8C6}.Debug|Any CPU.Build.0 = Debug|Any CPU
		{5D39E70B-DA7B-4752-8E29-6B1E57EEB8C6}.Release|Any CPU.ActiveCfg = Release|Any CPU
		{5D39E70B-DA7B-4752-8E29-6B1E57EEB8C6}.Release|Any CPU.Build.0 = Release|Any CPU
		{AA035BDD-4E8F-4C0D-9CB4-8FA2BCE00A14}.Debug|Any CPU.ActiveCfg = Debug|Any CPU
		{AA035BDD-4E8F-4C0D-9CB4-8FA2BCE00A14}.Debug|Any CPU.Build.0 = Debug|Any CPU
		{AA035BDD-4E8F-4C0D-9CB4-8FA2BCE00A14}.Release|Any CPU.ActiveCfg = Release|Any CPU
		{AA035BDD-4E8F-4C0D-9CB4-8FA2BCE00A14}.Release|Any CPU.Build.0 = Release|Any CPU
	EndGlobalSection
	GlobalSection(SolutionProperties) = preSolution
		HideSolutionNode = FALSE
	EndGlobalSection
	GlobalSection(ExtensibilityGlobals) = postSolution
		SolutionGuid = {197695A7-47C4-442C-A3C3-5FA6BD737DE5}
	EndGlobalSection
EndGlobal
